
Microsoft Visual Studio Solution File, Format Version 12.00
# Visual Studio Version 16
VisualStudioVersion = 16.0.31702.278
MinimumVisualStudioVersion = 10.0.40219.1
Project("{FAE04EC0-301F-11D3-BF4B-00C04F79EFBC}") = "FrontEnd", "FrontEnd\FrontEnd.csproj", "{39A28913-77FC-460A-AF1C-D5F847C88989}"
EndProject
Project("{FAE04EC0-301F-11D3-BF4B-00C04F79EFBC}") = "FE.Wizzard", "FE.Wizzard\FE.Wizzard.csproj", "{476294B4-785B-4ABF-B126-B6A29FA23901}"
EndProject
Global
	GlobalSection(SolutionConfigurationPlatforms) = preSolution
		Debug|Any CPU = Debug|Any CPU
		Release|Any CPU = Release|Any CPU
	EndGlobalSection
	GlobalSection(ProjectConfigurationPlatforms) = postSolution
		{39A28913-77FC-460A-AF1C-D5F847C88989}.Debug|Any CPU.ActiveCfg = Debug|Any CPU
		{39A28913-77FC-460A-AF1C-D5F847C88989}.Debug|Any CPU.Build.0 = Debug|Any CPU
		{39A28913-77FC-460A-AF1C-D5F847C88989}.Release|Any CPU.ActiveCfg = Release|Any CPU
		{39A28913-77FC-460A-AF1C-D5F847C88989}.Release|Any CPU.Build.0 = Release|Any CPU
		{476294B4-785B-4ABF-B126-B6A29FA23901}.Debug|Any CPU.ActiveCfg = Debug|Any CPU
		{476294B4-785B-4ABF-B126-B6A29FA23901}.Debug|Any CPU.Build.0 = Debug|Any CPU
		{476294B4-785B-4ABF-B126-B6A29FA23901}.Release|Any CPU.ActiveCfg = Release|Any CPU
		{476294B4-785B-4ABF-B126-B6A29FA23901}.Release|Any CPU.Build.0 = Release|Any CPU
	EndGlobalSection
	GlobalSection(SolutionProperties) = preSolution
		HideSolutionNode = FALSE
	EndGlobalSection
	GlobalSection(ExtensibilityGlobals) = postSolution
		SolutionGuid = {9165CAB3-998C-4751-A300-75B14C9E36BF}
	EndGlobalSection
EndGlobal
